// !$*UTF8*$!
{
	archiveVersion = 1;
	classes = {
	};
	objectVersion = 55;
	objects = {

/* Begin PBXBuildFile section */
		B11E2CAB2A5AC5A80039D77B /* FStore.h in Headers */ = {isa = PBXBuildFile; fileRef = B11E2CAA2A5AC5A80039D77B /* FStore.h */; settings = {ATTRIBUTES = (Public, ); }; };
		B11E2CB32A5AC5D90039D77B /* Store.swift in Sources */ = {isa = PBXBuildFile; fileRef = B11E2CB22A5AC5D90039D77B /* Store.swift */; };
		B11E2CB52A5AC6460039D77B /* Nullable.swift in Sources */ = {isa = PBXBuildFile; fileRef = B11E2CB42A5AC6460039D77B /* Nullable.swift */; };
		B11E2CB72A5AC6BD0039D77B /* Key.swift in Sources */ = {isa = PBXBuildFile; fileRef = B11E2CB62A5AC6BD0039D77B /* Key.swift */; };
		B11E2CB92A5AC6D80039D77B /* Namespace.swift in Sources */ = {isa = PBXBuildFile; fileRef = B11E2CB82A5AC6D80039D77B /* Namespace.swift */; };
		B11E2CBB2A5AC7A30039D77B /* KeyType.swift in Sources */ = {isa = PBXBuildFile; fileRef = B11E2CBA2A5AC7A30039D77B /* KeyType.swift */; };
		B11E2CBE2A5AC8F00039D77B /* CacheTransaction.swift in Sources */ = {isa = PBXBuildFile; fileRef = B11E2CBD2A5AC8F00039D77B /* CacheTransaction.swift */; };
		B11E2CC02A5AC9400039D77B /* CacheSupportedType.swift in Sources */ = {isa = PBXBuildFile; fileRef = B11E2CBF2A5AC9400039D77B /* CacheSupportedType.swift */; };
		B11E2CC42A5ACAA40039D77B /* CacheConvertible.swift in Sources */ = {isa = PBXBuildFile; fileRef = B11E2CC32A5ACAA40039D77B /* CacheConvertible.swift */; };
		B11E2CC62A5ACB8F0039D77B /* CacheConvertible+Swift.swift in Sources */ = {isa = PBXBuildFile; fileRef = B11E2CC52A5ACB8F0039D77B /* CacheConvertible+Swift.swift */; };
		B11E2CC82A5ACF410039D77B /* CacheStore.swift in Sources */ = {isa = PBXBuildFile; fileRef = B11E2CC72A5ACF410039D77B /* CacheStore.swift */; };
		B11E2CCB2A5AD0B80039D77B /* UserDefaultTransaction.swift in Sources */ = {isa = PBXBuildFile; fileRef = B11E2CCA2A5AD0B80039D77B /* UserDefaultTransaction.swift */; };
		B11E2CCD2A5AD0EB0039D77B /* UserDefaultsSupportedType.swift in Sources */ = {isa = PBXBuildFile; fileRef = B11E2CCC2A5AD0EB0039D77B /* UserDefaultsSupportedType.swift */; };
		B11E2CCF2A5AD1D80039D77B /* UserDefaultsConvertible.swift in Sources */ = {isa = PBXBuildFile; fileRef = B11E2CCE2A5AD1D80039D77B /* UserDefaultsConvertible.swift */; };
/* End PBXBuildFile section */

/* Begin PBXFileReference section */
		B11E2CA72A5AC5A80039D77B /* FStore.framework */ = {isa = PBXFileReference; explicitFileType = wrapper.framework; includeInIndex = 0; path = FStore.framework; sourceTree = BUILT_PRODUCTS_DIR; };
		B11E2CAA2A5AC5A80039D77B /* FStore.h */ = {isa = PBXFileReference; lastKnownFileType = sourcecode.c.h; path = FStore.h; sourceTree = "<group>"; };
		B11E2CB22A5AC5D90039D77B /* Store.swift */ = {isa = PBXFileReference; lastKnownFileType = sourcecode.swift; path = Store.swift; sourceTree = "<group>"; };
		B11E2CB42A5AC6460039D77B /* Nullable.swift */ = {isa = PBXFileReference; lastKnownFileType = sourcecode.swift; path = Nullable.swift; sourceTree = "<group>"; };
		B11E2CB62A5AC6BD0039D77B /* Key.swift */ = {isa = PBXFileReference; lastKnownFileType = sourcecode.swift; path = Key.swift; sourceTree = "<group>"; };
		B11E2CB82A5AC6D80039D77B /* Namespace.swift */ = {isa = PBXFileReference; lastKnownFileType = sourcecode.swift; path = Namespace.swift; sourceTree = "<group>"; };
		B11E2CBA2A5AC7A30039D77B /* KeyType.swift */ = {isa = PBXFileReference; lastKnownFileType = sourcecode.swift; path = KeyType.swift; sourceTree = "<group>"; };
		B11E2CBD2A5AC8F00039D77B /* CacheTransaction.swift */ = {isa = PBXFileReference; lastKnownFileType = sourcecode.swift; path = CacheTransaction.swift; sourceTree = "<group>"; };
		B11E2CBF2A5AC9400039D77B /* CacheSupportedType.swift */ = {isa = PBXFileReference; lastKnownFileType = sourcecode.swift; path = CacheSupportedType.swift; sourceTree = "<group>"; };
		B11E2CC32A5ACAA40039D77B /* CacheConvertible.swift */ = {isa = PBXFileReference; lastKnownFileType = sourcecode.swift; path = CacheConvertible.swift; sourceTree = "<group>"; };
		B11E2CC52A5ACB8F0039D77B /* CacheConvertible+Swift.swift */ = {isa = PBXFileReference; lastKnownFileType = sourcecode.swift; path = "CacheConvertible+Swift.swift"; sourceTree = "<group>"; };
		B11E2CC72A5ACF410039D77B /* CacheStore.swift */ = {isa = PBXFileReference; lastKnownFileType = sourcecode.swift; path = CacheStore.swift; sourceTree = "<group>"; };
		B11E2CCA2A5AD0B80039D77B /* UserDefaultTransaction.swift */ = {isa = PBXFileReference; lastKnownFileType = sourcecode.swift; path = UserDefaultTransaction.swift; sourceTree = "<group>"; };
		B11E2CCC2A5AD0EB0039D77B /* UserDefaultsSupportedType.swift */ = {isa = PBXFileReference; lastKnownFileType = sourcecode.swift; path = UserDefaultsSupportedType.swift; sourceTree = "<group>"; };
		B11E2CCE2A5AD1D80039D77B /* UserDefaultsConvertible.swift */ = {isa = PBXFileReference; lastKnownFileType = sourcecode.swift; path = UserDefaultsConvertible.swift; sourceTree = "<group>"; };
/* End PBXFileReference section */

/* Begin PBXFrameworksBuildPhase section */
		B11E2CA42A5AC5A80039D77B /* Frameworks */ = {
			isa = PBXFrameworksBuildPhase;
			buildActionMask = 2147483647;
			files = (
			);
			runOnlyForDeploymentPostprocessing = 0;
		};
/* End PBXFrameworksBuildPhase section */

/* Begin PBXGroup section */
		B11E2C9D2A5AC5A80039D77B = {
			isa = PBXGroup;
			children = (
				B11E2CA92A5AC5A80039D77B /* FStore */,
				B11E2CA82A5AC5A80039D77B /* Products */,
			);
			sourceTree = "<group>";
		};
		B11E2CA82A5AC5A80039D77B /* Products */ = {
			isa = PBXGroup;
			children = (
				B11E2CA72A5AC5A80039D77B /* FStore.framework */,
			);
			name = Products;
			sourceTree = "<group>";
		};
		B11E2CA92A5AC5A80039D77B /* FStore */ = {
			isa = PBXGroup;
			children = (
				B11E2CC92A5AD0A40039D77B /* UserDefaults */,
				B11E2CBC2A5AC8E70039D77B /* Cache */,
				B11E2CB12A5AC5CC0039D77B /* Entity */,
				B11E2CAA2A5AC5A80039D77B /* FStore.h */,
			);
			path = FStore;
			sourceTree = "<group>";
		};
		B11E2CB12A5AC5CC0039D77B /* Entity */ = {
			isa = PBXGroup;
			children = (
				B11E2CB22A5AC5D90039D77B /* Store.swift */,
				B11E2CB42A5AC6460039D77B /* Nullable.swift */,
				B11E2CB62A5AC6BD0039D77B /* Key.swift */,
				B11E2CB82A5AC6D80039D77B /* Namespace.swift */,
				B11E2CBA2A5AC7A30039D77B /* KeyType.swift */,
			);
			path = Entity;
			sourceTree = "<group>";
		};
		B11E2CBC2A5AC8E70039D77B /* Cache */ = {
			isa = PBXGroup;
			children = (
				B11E2CBD2A5AC8F00039D77B /* CacheTransaction.swift */,
				B11E2CBF2A5AC9400039D77B /* CacheSupportedType.swift */,
				B11E2CC32A5ACAA40039D77B /* CacheConvertible.swift */,
				B11E2CC52A5ACB8F0039D77B /* CacheConvertible+Swift.swift */,
				B11E2CC72A5ACF410039D77B /* CacheStore.swift */,
			);
			path = Cache;
			sourceTree = "<group>";
		};
		B11E2CC92A5AD0A40039D77B /* UserDefaults */ = {
			isa = PBXGroup;
			children = (
				B11E2CCA2A5AD0B80039D77B /* UserDefaultTransaction.swift */,
				B11E2CCC2A5AD0EB0039D77B /* UserDefaultsSupportedType.swift */,
				B11E2CCE2A5AD1D80039D77B /* UserDefaultsConvertible.swift */,
			);
			path = UserDefaults;
			sourceTree = "<group>";
		};
/* End PBXGroup section */

/* Begin PBXHeadersBuildPhase section */
		B11E2CA22A5AC5A80039D77B /* Headers */ = {
			isa = PBXHeadersBuildPhase;
			buildActionMask = 2147483647;
			files = (
				B11E2CAB2A5AC5A80039D77B /* FStore.h in Headers */,
			);
			runOnlyForDeploymentPostprocessing = 0;
		};
/* End PBXHeadersBuildPhase section */

/* Begin PBXNativeTarget section */
		B11E2CA62A5AC5A80039D77B /* FStore */ = {
			isa = PBXNativeTarget;
			buildConfigurationList = B11E2CAE2A5AC5A80039D77B /* Build configuration list for PBXNativeTarget "FStore" */;
			buildPhases = (
				B11E2CA22A5AC5A80039D77B /* Headers */,
				B11E2CA32A5AC5A80039D77B /* Sources */,
				B11E2CA42A5AC5A80039D77B /* Frameworks */,
				B11E2CA52A5AC5A80039D77B /* Resources */,
			);
			buildRules = (
			);
			dependencies = (
			);
			name = FStore;
			productName = FStore;
			productReference = B11E2CA72A5AC5A80039D77B /* FStore.framework */;
			productType = "com.apple.product-type.framework";
		};
/* End PBXNativeTarget section */

/* Begin PBXProject section */
		B11E2C9E2A5AC5A80039D77B /* Project object */ = {
			isa = PBXProject;
			attributes = {
				BuildIndependentTargetsInParallel = 1;
				LastUpgradeCheck = 1340;
				TargetAttributes = {
					B11E2CA62A5AC5A80039D77B = {
						CreatedOnToolsVersion = 13.4.1;
						LastSwiftMigration = 1340;
					};
				};
			};
			buildConfigurationList = B11E2CA12A5AC5A80039D77B /* Build configuration list for PBXProject "FStore" */;
			compatibilityVersion = "Xcode 13.0";
			developmentRegion = en;
			hasScannedForEncodings = 0;
			knownRegions = (
				en,
				Base,
			);
			mainGroup = B11E2C9D2A5AC5A80039D77B;
			productRefGroup = B11E2CA82A5AC5A80039D77B /* Products */;
			projectDirPath = "";
			projectRoot = "";
			targets = (
				B11E2CA62A5AC5A80039D77B /* FStore */,
			);
		};
/* End PBXProject section */

/* Begin PBXResourcesBuildPhase section */
		B11E2CA52A5AC5A80039D77B /* Resources */ = {
			isa = PBXResourcesBuildPhase;
			buildActionMask = 2147483647;
			files = (
			);
			runOnlyForDeploymentPostprocessing = 0;
		};
/* End PBXResourcesBuildPhase section */

/* Begin PBXSourcesBuildPhase section */
		B11E2CA32A5AC5A80039D77B /* Sources */ = {
			isa = PBXSourcesBuildPhase;
			buildActionMask = 2147483647;
			files = (
				B11E2CB52A5AC6460039D77B /* Nullable.swift in Sources */,
				B11E2CCD2A5AD0EB0039D77B /* UserDefaultsSupportedType.swift in Sources */,
				B11E2CC62A5ACB8F0039D77B /* CacheConvertible+Swift.swift in Sources */,
				B11E2CB32A5AC5D90039D77B /* Store.swift in Sources */,
				B11E2CCF2A5AD1D80039D77B /* UserDefaultsConvertible.swift in Sources */,
				B11E2CC42A5ACAA40039D77B /* CacheConvertible.swift in Sources */,
				B11E2CB72A5AC6BD0039D77B /* Key.swift in Sources */,
				B11E2CC02A5AC9400039D77B /* CacheSupportedType.swift in Sources */,
				B11E2CBE2A5AC8F00039D77B /* CacheTransaction.swift in Sources */,
				B11E2CB92A5AC6D80039D77B /* Namespace.swift in Sources */,
				B11E2CC82A5ACF410039D77B /* CacheStore.swift in Sources */,
				B11E2CCB2A5AD0B80039D77B /* UserDefaultTransaction.swift in Sources */,
				B11E2CBB2A5AC7A30039D77B /* KeyType.swift in Sources */,
			);
			runOnlyForDeploymentPostprocessing = 0;
		};
/* End PBXSourcesBuildPhase section */

/* Begin XCBuildConfiguration section */
		B11E2CAC2A5AC5A80039D77B /* Debug */ = {
			isa = XCBuildConfiguration;
			buildSettings = {
				ALWAYS_SEARCH_USER_PATHS = NO;
				CLANG_ANALYZER_NONNULL = YES;
				CLANG_ANALYZER_NUMBER_OBJECT_CONVERSION = YES_AGGRESSIVE;
				CLANG_CXX_LANGUAGE_STANDARD = "gnu++17";
				CLANG_ENABLE_MODULES = YES;
				CLANG_ENABLE_OBJC_ARC = YES;
				CLANG_ENABLE_OBJC_WEAK = YES;
				CLANG_WARN_BLOCK_CAPTURE_AUTORELEASING = YES;
				CLANG_WARN_BOOL_CONVERSION = YES;
				CLANG_WARN_COMMA = YES;
				CLANG_WARN_CONSTANT_CONVERSION = YES;
				CLANG_WARN_DEPRECATED_OBJC_IMPLEMENTATIONS = YES;
				CLANG_WARN_DIRECT_OBJC_ISA_USAGE = YES_ERROR;
				CLANG_WARN_DOCUMENTATION_COMMENTS = YES;
				CLANG_WARN_EMPTY_BODY = YES;
				CLANG_WARN_ENUM_CONVERSION = YES;
				CLANG_WARN_INFINITE_RECURSION = YES;
				CLANG_WARN_INT_CONVERSION = YES;
				CLANG_WARN_NON_LITERAL_NULL_CONVERSION = YES;
				CLANG_WARN_OBJC_IMPLICIT_RETAIN_SELF = YES;
				CLANG_WARN_OBJC_LITERAL_CONVERSION = YES;
				CLANG_WARN_OBJC_ROOT_CLASS = YES_ERROR;
				CLANG_WARN_QUOTED_INCLUDE_IN_FRAMEWORK_HEADER = YES;
				CLANG_WARN_RANGE_LOOP_ANALYSIS = YES;
				CLANG_WARN_STRICT_PROTOTYPES = YES;
				CLANG_WARN_SUSPICIOUS_MOVE = YES;
				CLANG_WARN_UNGUARDED_AVAILABILITY = YES_AGGRESSIVE;
				CLANG_WARN_UNREACHABLE_CODE = YES;
				CLANG_WARN__DUPLICATE_METHOD_MATCH = YES;
				COPY_PHASE_STRIP = NO;
				CURRENT_PROJECT_VERSION = 1;
				DEBUG_INFORMATION_FORMAT = dwarf;
				ENABLE_STRICT_OBJC_MSGSEND = YES;
				ENABLE_TESTABILITY = YES;
				GCC_C_LANGUAGE_STANDARD = gnu11;
				GCC_DYNAMIC_NO_PIC = NO;
				GCC_NO_COMMON_BLOCKS = YES;
				GCC_OPTIMIZATION_LEVEL = 0;
				GCC_PREPROCESSOR_DEFINITIONS = (
					"DEBUG=1",
					"$(inherited)",
				);
				GCC_WARN_64_TO_32_BIT_CONVERSION = YES;
				GCC_WARN_ABOUT_RETURN_TYPE = YES_ERROR;
				GCC_WARN_UNDECLARED_SELECTOR = YES;
				GCC_WARN_UNINITIALIZED_AUTOS = YES_AGGRESSIVE;
				GCC_WARN_UNUSED_FUNCTION = YES;
				GCC_WARN_UNUSED_VARIABLE = YES;
				IPHONEOS_DEPLOYMENT_TARGET = 15.5;
				MTL_ENABLE_DEBUG_INFO = INCLUDE_SOURCE;
				MTL_FAST_MATH = YES;
				ONLY_ACTIVE_ARCH = YES;
				SDKROOT = iphoneos;
				SWIFT_ACTIVE_COMPILATION_CONDITIONS = DEBUG;
				SWIFT_OPTIMIZATION_LEVEL = "-Onone";
				VERSIONING_SYSTEM = "apple-generic";
				VERSION_INFO_PREFIX = "";
			};
			name = Debug;
		};
		B11E2CAD2A5AC5A80039D77B /* Release */ = {
			isa = XCBuildConfiguration;
			buildSettings = {
				ALWAYS_SEARCH_USER_PATHS = NO;
				CLANG_ANALYZER_NONNULL = YES;
				CLANG_ANALYZER_NUMBER_OBJECT_CONVERSION = YES_AGGRESSIVE;
				CLANG_CXX_LANGUAGE_STANDARD = "gnu++17";
				CLANG_ENABLE_MODULES = YES;
				CLANG_ENABLE_OBJC_ARC = YES;
				CLANG_ENABLE_OBJC_WEAK = YES;
				CLANG_WARN_BLOCK_CAPTURE_AUTORELEASING = YES;
				CLANG_WARN_BOOL_CONVERSION = YES;
				CLANG_WARN_COMMA = YES;
				CLANG_WARN_CONSTANT_CONVERSION = YES;
				CLANG_WARN_DEPRECATED_OBJC_IMPLEMENTATIONS = YES;
				CLANG_WARN_DIRECT_OBJC_ISA_USAGE = YES_ERROR;
				CLANG_WARN_DOCUMENTATION_COMMENTS = YES;
				CLANG_WARN_EMPTY_BODY = YES;
				CLANG_WARN_ENUM_CONVERSION = YES;
				CLANG_WARN_INFINITE_RECURSION = YES;
				CLANG_WARN_INT_CONVERSION = YES;
				CLANG_WARN_NON_LITERAL_NULL_CONVERSION = YES;
				CLANG_WARN_OBJC_IMPLICIT_RETAIN_SELF = YES;
				CLANG_WARN_OBJC_LITERAL_CONVERSION = YES;
				CLANG_WARN_OBJC_ROOT_CLASS = YES_ERROR;
				CLANG_WARN_QUOTED_INCLUDE_IN_FRAMEWORK_HEADER = YES;
				CLANG_WARN_RANGE_LOOP_ANALYSIS = YES;
				CLANG_WARN_STRICT_PROTOTYPES = YES;
				CLANG_WARN_SUSPICIOUS_MOVE = YES;
				CLANG_WARN_UNGUARDED_AVAILABILITY = YES_AGGRESSIVE;
				CLANG_WARN_UNREACHABLE_CODE = YES;
				CLANG_WARN__DUPLICATE_METHOD_MATCH = YES;
				COPY_PHASE_STRIP = NO;
				CURRENT_PROJECT_VERSION = 1;
				DEBUG_INFORMATION_FORMAT = "dwarf-with-dsym";
				ENABLE_NS_ASSERTIONS = NO;
				ENABLE_STRICT_OBJC_MSGSEND = YES;
				GCC_C_LANGUAGE_STANDARD = gnu11;
				GCC_NO_COMMON_BLOCKS = YES;
				GCC_WARN_64_TO_32_BIT_CONVERSION = YES;
				GCC_WARN_ABOUT_RETURN_TYPE = YES_ERROR;
				GCC_WARN_UNDECLARED_SELECTOR = YES;
				GCC_WARN_UNINITIALIZED_AUTOS = YES_AGGRESSIVE;
				GCC_WARN_UNUSED_FUNCTION = YES;
				GCC_WARN_UNUSED_VARIABLE = YES;
				IPHONEOS_DEPLOYMENT_TARGET = 15.5;
				MTL_ENABLE_DEBUG_INFO = NO;
				MTL_FAST_MATH = YES;
				SDKROOT = iphoneos;
				SWIFT_COMPILATION_MODE = wholemodule;
				SWIFT_OPTIMIZATION_LEVEL = "-O";
				VALIDATE_PRODUCT = YES;
				VERSIONING_SYSTEM = "apple-generic";
				VERSION_INFO_PREFIX = "";
			};
			name = Release;
		};
		B11E2CAF2A5AC5A80039D77B /* Debug */ = {
			isa = XCBuildConfiguration;
			buildSettings = {
				APPLICATION_EXTENSION_API_ONLY = NO;
				CLANG_ENABLE_MODULES = YES;
				CODE_SIGN_STYLE = Automatic;
				CURRENT_PROJECT_VERSION = 1;
				DEFINES_MODULE = YES;
				DYLIB_COMPATIBILITY_VERSION = 1;
				DYLIB_CURRENT_VERSION = 1;
				DYLIB_INSTALL_NAME_BASE = "@rpath";
				GENERATE_INFOPLIST_FILE = YES;
				INFOPLIST_KEY_NSHumanReadableCopyright = "";
				INSTALL_PATH = "$(LOCAL_LIBRARY_DIR)/Frameworks";
				LD_RUNPATH_SEARCH_PATHS = (
					"$(inherited)",
					"@executable_path/Frameworks",
					"@loader_path/Frameworks",
				);
				MARKETING_VERSION = 1.0;
				PRODUCT_BUNDLE_IDENTIFIER = com.krishpranav.FStore;
				PRODUCT_NAME = "$(TARGET_NAME:c99extidentifier)";
				SKIP_INSTALL = YES;
				SWIFT_EMIT_LOC_STRINGS = YES;
				SWIFT_OPTIMIZATION_LEVEL = "-Onone";
				SWIFT_VERSION = 5.0;
				TARGETED_DEVICE_FAMILY = "1,2";
			};
			name = Debug;
		};
		B11E2CB02A5AC5A80039D77B /* Release */ = {
			isa = XCBuildConfiguration;
			buildSettings = {
				APPLICATION_EXTENSION_API_ONLY = NO;
				CLANG_ENABLE_MODULES = YES;
				CODE_SIGN_STYLE = Automatic;
				CURRENT_PROJECT_VERSION = 1;
				DEFINES_MODULE = YES;
				DYLIB_COMPATIBILITY_VERSION = 1;
				DYLIB_CURRENT_VERSION = 1;
				DYLIB_INSTALL_NAME_BASE = "@rpath";
				GENERATE_INFOPLIST_FILE = YES;
				INFOPLIST_KEY_NSHumanReadableCopyright = "";
				INSTALL_PATH = "$(LOCAL_LIBRARY_DIR)/Frameworks";
				LD_RUNPATH_SEARCH_PATHS = (
					"$(inherited)",
					"@executable_path/Frameworks",
					"@loader_path/Frameworks",
				);
				MARKETING_VERSION = 1.0;
				PRODUCT_BUNDLE_IDENTIFIER = com.krishpranav.FStore;
				PRODUCT_NAME = "$(TARGET_NAME:c99extidentifier)";
				SKIP_INSTALL = YES;
				SWIFT_EMIT_LOC_STRINGS = YES;
				SWIFT_VERSION = 5.0;
				TARGETED_DEVICE_FAMILY = "1,2";
			};
			name = Release;
		};
/* End XCBuildConfiguration section */

/* Begin XCConfigurationList section */
		B11E2CA12A5AC5A80039D77B /* Build configuration list for PBXProject "FStore" */ = {
			isa = XCConfigurationList;
			buildConfigurations = (
				B11E2CAC2A5AC5A80039D77B /* Debug */,
				B11E2CAD2A5AC5A80039D77B /* Release */,
			);
			defaultConfigurationIsVisible = 0;
			defaultConfigurationName = Release;
		};
		B11E2CAE2A5AC5A80039D77B /* Build configuration list for PBXNativeTarget "FStore" */ = {
			isa = XCConfigurationList;
			buildConfigurations = (
				B11E2CAF2A5AC5A80039D77B /* Debug */,
				B11E2CB02A5AC5A80039D77B /* Release */,
			);
			defaultConfigurationIsVisible = 0;
			defaultConfigurationName = Release;
		};
/* End XCConfigurationList section */
	};
	rootObject = B11E2C9E2A5AC5A80039D77B /* Project object */;
}
